{
  "name": "bigdate",
  "version": "1.0.0",
  "lockfileVersion": 1,
  "requires": true,
  "dependencies": {
    "bootstrap": {
      "version": "4.0.0",
      "resolved": "http://registry.npm.taobao.org/bootstrap/download/bootstrap-4.0.0.tgz",
      "integrity": "sha1-zrA4QsFF/MG5tOFdoqBWVrpoRpo="
    },
    "echarts": {
      "version": "4.0.2",
      "resolved": "http://registry.npm.taobao.org/echarts/download/echarts-4.0.2.tgz",
      "integrity": "sha1-xAXp5HmvmCODyK4rWUblLQWMYiA=",
      "requires": {
        "zrender": "4.0.1"
      }
    },
    "font-awesome": {
      "version": "4.7.0",
      "resolved": "http://registry.npm.taobao.org/font-awesome/download/font-awesome-4.7.0.tgz",
      "integrity": "sha1-j6jPBBGhoxr9B7BtKQK7n8gVoTM="
    },
    "jquery": {
      "version": "3.3.1",
      "resolved": "http://registry.npm.taobao.org/jquery/download/jquery-3.3.1.tgz",
      "integrity": "sha1-lYzinoHJeQ8xvneS311NlfxX+8o="
    },
    "popper.js": {
      "version": "1.12.9",
      "resolved": "http://registry.npm.taobao.org/popper.js/download/popper.js-1.12.9.tgz",
      "integrity": "sha1-DfvC3/lsRRuzMu3Pz6r1ZtMx1bM="
    },
    "zrender": {
      "version": "4.0.1",
      "resolved": "http://registry.npm.taobao.org/zrender/download/zrender-4.0.1.tgz",
      "integrity": "sha1-lh53q8UELqpiS1Iw+NZzv2SCmOk="
    }
  }
}
